
Microsoft Visual Studio Solution File, Format Version 12.00
# Visual Studio Version 17
VisualStudioVersion = 17.4.33103.184
MinimumVisualStudioVersion = 10.0.40219.1
Project("{FAE04EC0-301F-11D3-BF4B-00C04F79EFBC}") = "SyncThreads", "SyncThreads\SyncThreads.csproj", "{7FA5F431-6BFF-47E7-817A-C76FF92B5CB9}"
EndProject
Global
	GlobalSection(SolutionConfigurationPlatforms) = preSolution
		Debug|Any CPU = Debug|Any CPU
		Release|Any CPU = Release|Any CPU
	EndGlobalSection
	GlobalSection(ProjectConfigurationPlatforms) = postSolution
		{7FA5F431-6BFF-47E7-817A-C76FF92B5CB9}.Debug|Any CPU.ActiveCfg = Debug|Any CPU
		{7FA5F431-6BFF-47E7-817A-C76FF92B5CB9}.Debug|Any CPU.Build.0 = Debug|Any CPU
		{7FA5F431-6BFF-47E7-817A-C76FF92B5CB9}.Release|Any CPU.ActiveCfg = Release|Any CPU
		{7FA5F431-6BFF-47E7-817A-C76FF92B5CB9}.Release|Any CPU.Build.0 = Release|Any CPU
	EndGlobalSection
	GlobalSection(SolutionProperties) = preSolution
		HideSolutionNode = FALSE
	EndGlobalSection
	GlobalSection(ExtensibilityGlobals) = postSolution
		SolutionGuid = {B4C4B6F4-7F25-4F5B-B62D-384DC551E8EC}
	EndGlobalSection
EndGlobal
